
Microsoft Visual Studio Solution File, Format Version 12.00
# Visual Studio Version 17
VisualStudioVersion = 17.6.33829.357
MinimumVisualStudioVersion = 10.0.40219.1
Project("{9A19103F-16F7-4668-BE54-9A1E7A4F7556}") = "01.Degiskenler", "01.Degiskenler\01.Degiskenler.csproj", "{F2A7555F-9856-447F-A687-7660D1D8768C}"
EndProject
Project("{9A19103F-16F7-4668-BE54-9A1E7A4F7556}") = "02.DegerTiplerVeReferansTipler", "02.DegerTiplerVeReferansTipler\02.DegerTiplerVeReferansTipler.csproj", "{AF5CFBEC-14BF-4A62-951B-96B58CA68A00}"
EndProject
Project("{9A19103F-16F7-4668-BE54-9A1E7A4F7556}") = "03.Operatorler", "03.Operatorler\03.Operatorler.csproj", "{CCEA9F8F-74A4-440B-941C-77B096B4594B}"
EndProject
Project("{9A19103F-16F7-4668-BE54-9A1E7A4F7556}") = "04.SartBloglari", "04.SartBloglari\04.SartBloglari.csproj", "{10FD7A17-3C89-4CBB-8C74-C5453EB8C93A}"
EndProject
Project("{9A19103F-16F7-4668-BE54-9A1E7A4F7556}") = "05.Listeler", "05.Listeler\05.Listeler.csproj", "{F02D4259-704D-45DA-82D5-A005940EE9AF}"
EndProject
Project("{9A19103F-16F7-4668-BE54-9A1E7A4F7556}") = "06.Donguler", "06.Donguler\06.Donguler.csproj", "{5FE707EF-CF34-4E87-9F12-AEB3B9D4C8FE}"
EndProject
Project("{9A19103F-16F7-4668-BE54-9A1E7A4F7556}") = "07.NameGoster", "07.NameGoster\07.NameGoster.csproj", "{E48AA8AB-5A6E-411C-A191-55B051799267}"
EndProject
Project("{FAE04EC0-301F-11D3-BF4B-00C04F79EFBC}") = "08.Oyun_SayiTahminEt", "08.Oyun_SayiTahminEt\08.Oyun_SayiTahminEt.csproj", "{C3407AC1-DB73-4B99-80BF-8C0CD582E26E}"
EndProject
Global
	GlobalSection(SolutionConfigurationPlatforms) = preSolution
		Debug|Any CPU = Debug|Any CPU
		Release|Any CPU = Release|Any CPU
	EndGlobalSection
	GlobalSection(ProjectConfigurationPlatforms) = postSolution
		{F2A7555F-9856-447F-A687-7660D1D8768C}.Debug|Any CPU.ActiveCfg = Debug|Any CPU
		{F2A7555F-9856-447F-A687-7660D1D8768C}.Debug|Any CPU.Build.0 = Debug|Any CPU
		{F2A7555F-9856-447F-A687-7660D1D8768C}.Release|Any CPU.ActiveCfg = Release|Any CPU
		{F2A7555F-9856-447F-A687-7660D1D8768C}.Release|Any CPU.Build.0 = Release|Any CPU
		{AF5CFBEC-14BF-4A62-951B-96B58CA68A00}.Debug|Any CPU.ActiveCfg = Debug|Any CPU
		{AF5CFBEC-14BF-4A62-951B-96B58CA68A00}.Debug|Any CPU.Build.0 = Debug|Any CPU
		{AF5CFBEC-14BF-4A62-951B-96B58CA68A00}.Release|Any CPU.ActiveCfg = Release|Any CPU
		{AF5CFBEC-14BF-4A62-951B-96B58CA68A00}.Release|Any CPU.Build.0 = Release|Any CPU
		{CCEA9F8F-74A4-440B-941C-77B096B4594B}.Debug|Any CPU.ActiveCfg = Debug|Any CPU
		{CCEA9F8F-74A4-440B-941C-77B096B4594B}.Debug|Any CPU.Build.0 = Debug|Any CPU
		{CCEA9F8F-74A4-440B-941C-77B096B4594B}.Release|Any CPU.ActiveCfg = Release|Any CPU
		{CCEA9F8F-74A4-440B-941C-77B096B4594B}.Release|Any CPU.Build.0 = Release|Any CPU
		{10FD7A17-3C89-4CBB-8C74-C5453EB8C93A}.Debug|Any CPU.ActiveCfg = Debug|Any CPU
		{10FD7A17-3C89-4CBB-8C74-C5453EB8C93A}.Debug|Any CPU.Build.0 = Debug|Any CPU
		{10FD7A17-3C89-4CBB-8C74-C5453EB8C93A}.Release|Any CPU.ActiveCfg = Release|Any CPU
		{10FD7A17-3C89-4CBB-8C74-C5453EB8C93A}.Release|Any CPU.Build.0 = Release|Any CPU
		{F02D4259-704D-45DA-82D5-A005940EE9AF}.Debug|Any CPU.ActiveCfg = Debug|Any CPU
		{F02D4259-704D-45DA-82D5-A005940EE9AF}.Debug|Any CPU.Build.0 = Debug|Any CPU
		{F02D4259-704D-45DA-82D5-A005940EE9AF}.Release|Any CPU.ActiveCfg = Release|Any CPU
		{F02D4259-704D-45DA-82D5-A005940EE9AF}.Release|Any CPU.Build.0 = Release|Any CPU
		{5FE707EF-CF34-4E87-9F12-AEB3B9D4C8FE}.Debug|Any CPU.ActiveCfg = Debug|Any CPU
		{5FE707EF-CF34-4E87-9F12-AEB3B9D4C8FE}.Debug|Any CPU.Build.0 = Debug|Any CPU
		{5FE707EF-CF34-4E87-9F12-AEB3B9D4C8FE}.Release|Any CPU.ActiveCfg = Release|Any CPU
		{5FE707EF-CF34-4E87-9F12-AEB3B9D4C8FE}.Release|Any CPU.Build.0 = Release|Any CPU
		{E48AA8AB-5A6E-411C-A191-55B051799267}.Debug|Any CPU.ActiveCfg = Debug|Any CPU
		{E48AA8AB-5A6E-411C-A191-55B051799267}.Debug|Any CPU.Build.0 = Debug|Any CPU
		{E48AA8AB-5A6E-411C-A191-55B051799267}.Release|Any CPU.ActiveCfg = Release|Any CPU
		{E48AA8AB-5A6E-411C-A191-55B051799267}.Release|Any CPU.Build.0 = Release|Any CPU
		{C3407AC1-DB73-4B99-80BF-8C0CD582E26E}.Debug|Any CPU.ActiveCfg = Debug|Any CPU
		{C3407AC1-DB73-4B99-80BF-8C0CD582E26E}.Debug|Any CPU.Build.0 = Debug|Any CPU
		{C3407AC1-DB73-4B99-80BF-8C0CD582E26E}.Release|Any CPU.ActiveCfg = Release|Any CPU
		{C3407AC1-DB73-4B99-80BF-8C0CD582E26E}.Release|Any CPU.Build.0 = Release|Any CPU
	EndGlobalSection
	GlobalSection(SolutionProperties) = preSolution
		HideSolutionNode = FALSE
	EndGlobalSection
	GlobalSection(ExtensibilityGlobals) = postSolution
		SolutionGuid = {4BC27987-A23B-4F50-AA33-2AF981560116}
	EndGlobalSection
EndGlobal
